
Microsoft Visual Studio Solution File, Format Version 12.00
# Visual Studio Version 16
VisualStudioVersion = 16.0.30611.23
MinimumVisualStudioVersion = 10.0.40219.1
Project("{FAE04EC0-301F-11D3-BF4B-00C04F79EFBC}") = "DataAccess", "DataAccess\DataAccess.csproj", "{E0E63563-CABA-4852-BF40-D86CD57BFCAB}"
EndProject
Project("{FAE04EC0-301F-11D3-BF4B-00C04F79EFBC}") = "Business", "Business\Business.csproj", "{EFB4D089-A419-4B33-BE59-B14B071340C6}"
EndProject
Project("{FAE04EC0-301F-11D3-BF4B-00C04F79EFBC}") = "Entities", "Entities\Entities.csproj", "{761134E1-2D7C-40DE-B623-B398E0EF9F99}"
EndProject
Project("{FAE04EC0-301F-11D3-BF4B-00C04F79EFBC}") = "ConsoleUI", "ConsoleUI\ConsoleUI.csproj", "{37098E74-CC11-4219-BCA6-2495735A1BD7}"
EndProject
Global
	GlobalSection(SolutionConfigurationPlatforms) = preSolution
		Debug|Any CPU = Debug|Any CPU
		Release|Any CPU = Release|Any CPU
	EndGlobalSection
	GlobalSection(ProjectConfigurationPlatforms) = postSolution
		{E0E63563-CABA-4852-BF40-D86CD57BFCAB}.Debug|Any CPU.ActiveCfg = Debug|Any CPU
		{E0E63563-CABA-4852-BF40-D86CD57BFCAB}.Debug|Any CPU.Build.0 = Debug|Any CPU
		{E0E63563-CABA-4852-BF40-D86CD57BFCAB}.Release|Any CPU.ActiveCfg = Release|Any CPU
		{E0E63563-CABA-4852-BF40-D86CD57BFCAB}.Release|Any CPU.Build.0 = Release|Any CPU
		{EFB4D089-A419-4B33-BE59-B14B071340C6}.Debug|Any CPU.ActiveCfg = Debug|Any CPU
		{EFB4D089-A419-4B33-BE59-B14B071340C6}.Debug|Any CPU.Build.0 = Debug|Any CPU
		{EFB4D089-A419-4B33-BE59-B14B071340C6}.Release|Any CPU.ActiveCfg = Release|Any CPU
		{EFB4D089-A419-4B33-BE59-B14B071340C6}.Release|Any CPU.Build.0 = Release|Any CPU
		{761134E1-2D7C-40DE-B623-B398E0EF9F99}.Debug|Any CPU.ActiveCfg = Debug|Any CPU
		{761134E1-2D7C-40DE-B623-B398E0EF9F99}.Debug|Any CPU.Build.0 = Debug|Any CPU
		{761134E1-2D7C-40DE-B623-B398E0EF9F99}.Release|Any CPU.ActiveCfg = Release|Any CPU
		{761134E1-2D7C-40DE-B623-B398E0EF9F99}.Release|Any CPU.Build.0 = Release|Any CPU
		{37098E74-CC11-4219-BCA6-2495735A1BD7}.Debug|Any CPU.ActiveCfg = Debug|Any CPU
		{37098E74-CC11-4219-BCA6-2495735A1BD7}.Debug|Any CPU.Build.0 = Debug|Any CPU
		{37098E74-CC11-4219-BCA6-2495735A1BD7}.Release|Any CPU.ActiveCfg = Release|Any CPU
		{37098E74-CC11-4219-BCA6-2495735A1BD7}.Release|Any CPU.Build.0 = Release|Any CPU
	EndGlobalSection
	GlobalSection(SolutionProperties) = preSolution
		HideSolutionNode = FALSE
	EndGlobalSection
	GlobalSection(ExtensibilityGlobals) = postSolution
		SolutionGuid = {F3124276-F886-494D-A6B5-9F763131A250}
	EndGlobalSection
EndGlobal
